
Microsoft Visual Studio Solution File, Format Version 12.00
# Visual Studio Version 17
VisualStudioVersion = 17.5.33530.505
MinimumVisualStudioVersion = 10.0.40219.1
Project("{FAE04EC0-301F-11D3-BF4B-00C04F79EFBC}") = "Web_TheSpaceCoffee", "Web_TheSpaceCoffee\Web_TheSpaceCoffee.csproj", "{0DC3122E-B072-406A-94E3-44A25348B5C0}"
EndProject
Global
	GlobalSection(SolutionConfigurationPlatforms) = preSolution
		Debug|Any CPU = Debug|Any CPU
		Release|Any CPU = Release|Any CPU
	EndGlobalSection
	GlobalSection(ProjectConfigurationPlatforms) = postSolution
		{0DC3122E-B072-406A-94E3-44A25348B5C0}.Debug|Any CPU.ActiveCfg = Debug|Any CPU
		{0DC3122E-B072-406A-94E3-44A25348B5C0}.Debug|Any CPU.Build.0 = Debug|Any CPU
		{0DC3122E-B072-406A-94E3-44A25348B5C0}.Release|Any CPU.ActiveCfg = Release|Any CPU
		{0DC3122E-B072-406A-94E3-44A25348B5C0}.Release|Any CPU.Build.0 = Release|Any CPU
	EndGlobalSection
	GlobalSection(SolutionProperties) = preSolution
		HideSolutionNode = FALSE
	EndGlobalSection
	GlobalSection(ExtensibilityGlobals) = postSolution
		SolutionGuid = {2517230F-FC60-4982-9320-C50E6595DD63}
	EndGlobalSection
EndGlobal
